
Microsoft Visual Studio Solution File, Format Version 12.00
# Visual Studio 15
VisualStudioVersion = 15.0.28307.1778
MinimumVisualStudioVersion = 10.0.40219.1
Project("{8BC9CEB8-8B4A-11D0-8D11-00A0C91BC942}") = "HLY_Cmn_Med_SpineCAD_Test", "SpineCAD_Test\HLY_Cmn_Med_SpineCAD_Test.vcxproj", "{96FE485F-9187-4BFF-8AA6-A8E4F24EE6F4}"
	ProjectSection(ProjectDependencies) = postProject
		{1401EBB2-4F5F-46B5-85DC-F9A1E5F98951} = {1401EBB2-4F5F-46B5-85DC-F9A1E5F98951}
	EndProjectSection
EndProject
Project("{8BC9CEB8-8B4A-11D0-8D11-00A0C91BC942}") = "HLY_Cmn_Math", "Spn_Cmn_Math\HLY_Cmn_Math.vcxproj", "{1401EBB2-4F5F-46B5-85DC-F9A1E5F98951}"
EndProject
Global
	GlobalSection(SolutionConfigurationPlatforms) = preSolution
		DBG_HLY|x64 = DBG_HLY|x64
		DBG_HLY|x86 = DBG_HLY|x86
		Debug|x64 = Debug|x64
		Debug|x86 = Debug|x86
		Release|x64 = Release|x64
		Release|x86 = Release|x86
		RLS_HLY|x64 = RLS_HLY|x64
		RLS_HLY|x86 = RLS_HLY|x86
		RLSwDBG|x64 = RLSwDBG|x64
		RLSwDBG|x86 = RLSwDBG|x86
	EndGlobalSection
	GlobalSection(ProjectConfigurationPlatforms) = postSolution
		{96FE485F-9187-4BFF-8AA6-A8E4F24EE6F4}.DBG_HLY|x64.ActiveCfg = Debug|x64
		{96FE485F-9187-4BFF-8AA6-A8E4F24EE6F4}.DBG_HLY|x64.Build.0 = Debug|x64
		{96FE485F-9187-4BFF-8AA6-A8E4F24EE6F4}.DBG_HLY|x86.ActiveCfg = Release|x64
		{96FE485F-9187-4BFF-8AA6-A8E4F24EE6F4}.DBG_HLY|x86.Build.0 = Release|x64
		{96FE485F-9187-4BFF-8AA6-A8E4F24EE6F4}.Debug|x64.ActiveCfg = Debug|x64
		{96FE485F-9187-4BFF-8AA6-A8E4F24EE6F4}.Debug|x64.Build.0 = Debug|x64
		{96FE485F-9187-4BFF-8AA6-A8E4F24EE6F4}.Debug|x86.ActiveCfg = Debug|x64
		{96FE485F-9187-4BFF-8AA6-A8E4F24EE6F4}.Release|x64.ActiveCfg = Release|x64
		{96FE485F-9187-4BFF-8AA6-A8E4F24EE6F4}.Release|x64.Build.0 = Release|x64
		{96FE485F-9187-4BFF-8AA6-A8E4F24EE6F4}.Release|x86.ActiveCfg = Release|x64
		{96FE485F-9187-4BFF-8AA6-A8E4F24EE6F4}.RLS_HLY|x64.ActiveCfg = Release|x64
		{96FE485F-9187-4BFF-8AA6-A8E4F24EE6F4}.RLS_HLY|x64.Build.0 = Release|x64
		{96FE485F-9187-4BFF-8AA6-A8E4F24EE6F4}.RLS_HLY|x86.ActiveCfg = Release|x64
		{96FE485F-9187-4BFF-8AA6-A8E4F24EE6F4}.RLS_HLY|x86.Build.0 = Release|x64
		{96FE485F-9187-4BFF-8AA6-A8E4F24EE6F4}.RLSwDBG|x64.ActiveCfg = RLSwDBG|x64
		{96FE485F-9187-4BFF-8AA6-A8E4F24EE6F4}.RLSwDBG|x64.Build.0 = RLSwDBG|x64
		{96FE485F-9187-4BFF-8AA6-A8E4F24EE6F4}.RLSwDBG|x86.ActiveCfg = RLSwDBG|x64
		{1401EBB2-4F5F-46B5-85DC-F9A1E5F98951}.DBG_HLY|x64.ActiveCfg = DBG_HLY|x64
		{1401EBB2-4F5F-46B5-85DC-F9A1E5F98951}.DBG_HLY|x64.Build.0 = DBG_HLY|x64
		{1401EBB2-4F5F-46B5-85DC-F9A1E5F98951}.DBG_HLY|x86.ActiveCfg = DBG_HLY|Win32
		{1401EBB2-4F5F-46B5-85DC-F9A1E5F98951}.DBG_HLY|x86.Build.0 = DBG_HLY|Win32
		{1401EBB2-4F5F-46B5-85DC-F9A1E5F98951}.Debug|x64.ActiveCfg = RLSwDBG|x64
		{1401EBB2-4F5F-46B5-85DC-F9A1E5F98951}.Debug|x64.Build.0 = RLSwDBG|x64
		{1401EBB2-4F5F-46B5-85DC-F9A1E5F98951}.Debug|x86.ActiveCfg = Debug|Win32
		{1401EBB2-4F5F-46B5-85DC-F9A1E5F98951}.Debug|x86.Build.0 = Debug|Win32
		{1401EBB2-4F5F-46B5-85DC-F9A1E5F98951}.Release|x64.ActiveCfg = Release|x64
		{1401EBB2-4F5F-46B5-85DC-F9A1E5F98951}.Release|x64.Build.0 = Release|x64
		{1401EBB2-4F5F-46B5-85DC-F9A1E5F98951}.Release|x86.ActiveCfg = Release|Win32
		{1401EBB2-4F5F-46B5-85DC-F9A1E5F98951}.Release|x86.Build.0 = Release|Win32
		{1401EBB2-4F5F-46B5-85DC-F9A1E5F98951}.RLS_HLY|x64.ActiveCfg = RLS_HLY|x64
		{1401EBB2-4F5F-46B5-85DC-F9A1E5F98951}.RLS_HLY|x64.Build.0 = RLS_HLY|x64
		{1401EBB2-4F5F-46B5-85DC-F9A1E5F98951}.RLS_HLY|x86.ActiveCfg = RLS_HLY|Win32
		{1401EBB2-4F5F-46B5-85DC-F9A1E5F98951}.RLS_HLY|x86.Build.0 = RLS_HLY|Win32
		{1401EBB2-4F5F-46B5-85DC-F9A1E5F98951}.RLSwDBG|x64.ActiveCfg = RLSwDBG|x64
		{1401EBB2-4F5F-46B5-85DC-F9A1E5F98951}.RLSwDBG|x64.Build.0 = RLSwDBG|x64
		{1401EBB2-4F5F-46B5-85DC-F9A1E5F98951}.RLSwDBG|x86.ActiveCfg = RLSwDBG|Win32
		{1401EBB2-4F5F-46B5-85DC-F9A1E5F98951}.RLSwDBG|x86.Build.0 = RLSwDBG|Win32
	EndGlobalSection
	GlobalSection(SolutionProperties) = preSolution
		HideSolutionNode = FALSE
	EndGlobalSection
	GlobalSection(ExtensibilityGlobals) = postSolution
		SolutionGuid = {AA71B162-2A3E-4189-BADD-53B71C8ED821}
	EndGlobalSection
EndGlobal
