<?xml version="1.0" encoding="utf-8"?>
<Project ToolsVersion="4.0" xmlns="http://schemas.microsoft.com/developer/msbuild/2003">
  <ItemGroup>
    <Filter Include="Header Files">
      <UniqueIdentifier>{93995380-89BD-4b04-88EB-625FBE52EBFB}</UniqueIdentifier>
      <Extensions>h;hh;hpp;hxx;hm;inl;inc;xsd</Extensions>
    </Filter>
    <Filter Include="Resource Files">
      <UniqueIdentifier>{67DA6AB6-F800-4c08-8B7A-83BB121AAD01}</UniqueIdentifier>
      <Extensions>qrc;rc;ico;cur;bmp;dlg;rc2;rct;bin;rgs;gif;jpg;jpeg;jpe;resx;tiff;tif;png;wav;mfcribbon-ms</Extensions>
    </Filter>
    <Filter Include="Form Files">
      <UniqueIdentifier>{99349809-55BA-4b9d-BF79-8FDBB0286EB3}</UniqueIdentifier>
      <Extensions>ui</Extensions>
    </Filter>
    <Filter Include="Translation Files">
      <UniqueIdentifier>{639EADAA-A684-42e4-A9AD-28FC9BCB8F7C}</UniqueIdentifier>
      <Extensions>ts</Extensions>
    </Filter>
    <Filter Include="Core">
      <UniqueIdentifier>{4FC737F1-C7A5-4376-A066-2A32D752A2FF}</UniqueIdentifier>
      <Extensions>qml;cpp;c;cc;cxx;def;odl;idl;hpj;bat;asm;asmx</Extensions>
    </Filter>
  </ItemGroup>
  <ItemGroup>
    <QtRcc Include="SPN_Cmn_Med_SpineCAD.qrc">
      <Filter>Resource Files</Filter>
    </QtRcc>
    <ClCompile Include="SPN_Cmn_Med_SpineCAD.cpp">
      <Filter>Core</Filter>
    </ClCompile>
  </ItemGroup>
  <ItemGroup>
    <ClCompile Include="main.cpp">
      <Filter>Core</Filter>
    </ClCompile>
    <ClCompile Include="SPN_Cmn_DirFileOp.cpp">
      <Filter>Core</Filter>
    </ClCompile>
    <ClCompile Include="SPN_Cmn_DlgPane_ShowPic.cpp">
      <Filter>Core</Filter>
    </ClCompile>
    <ClCompile Include="SPN_Cmn_Dlg_DbgImg.cpp">
      <Filter>Core</Filter>
    </ClCompile>
    <ClCompile Include="SPN_Cmn_Dlg_Main.cpp">
      <Filter>Core</Filter>
    </ClCompile>
  </ItemGroup>
  <ItemGroup>
    <ClInclude Include="SPN_Cmn_DirFileOp.h">
      <Filter>Core</Filter>
    </ClInclude>
  </ItemGroup>
  <ItemGroup>
    <QtUic Include="SPN_Cmn_DlgPane_ShowPic.ui">
      <Filter>Form Files</Filter>
    </QtUic>
    <QtUic Include="SPN_Cmn_Dlg_DbgImg.ui">
      <Filter>Form Files</Filter>
    </QtUic>
    <QtUic Include="SPN_Cmn_Dlg_Main.ui">
      <Filter>Form Files</Filter>
    </QtUic>
    <QtUic Include="SPN_Cmn_Med_SpineCAD.ui">
      <Filter>Form Files</Filter>
    </QtUic>
  </ItemGroup>
  <ItemGroup>
    <QtMoc Include="SPN_Cmn_DlgPane_ShowPic.h">
      <Filter>Core</Filter>
    </QtMoc>
    <QtMoc Include="SPN_Cmn_Med_SpineCAD.h">
      <Filter>Core</Filter>
    </QtMoc>
    <QtMoc Include="SPN_Cmn_Dlg_DbgImg.h">
      <Filter>Core</Filter>
    </QtMoc>
    <QtMoc Include="SPN_Cmn_Dlg_Main.h">
      <Filter>Core</Filter>
    </QtMoc>
  </ItemGroup>
</Project>